
Microsoft Visual Studio Solution File, Format Version 12.00
# Visual Studio Version 16
VisualStudioVersion = 16.0.31729.503
MinimumVisualStudioVersion = 10.0.40219.1
Project("{FAE04EC0-301F-11D3-BF4B-00C04F79EFBC}") = "P20094_FirstProject", "P20094_FirstProject.csproj", "{94C402F9-29C9-46C6-BC84-EA2DE2F0E1C6}"
EndProject
Global
	GlobalSection(SolutionConfigurationPlatforms) = preSolution
		Debug|Any CPU = Debug|Any CPU
		Release|Any CPU = Release|Any CPU
	EndGlobalSection
	GlobalSection(ProjectConfigurationPlatforms) = postSolution
		{94C402F9-29C9-46C6-BC84-EA2DE2F0E1C6}.Debug|Any CPU.ActiveCfg = Debug|Any CPU
		{94C402F9-29C9-46C6-BC84-EA2DE2F0E1C6}.Debug|Any CPU.Build.0 = Debug|Any CPU
		{94C402F9-29C9-46C6-BC84-EA2DE2F0E1C6}.Release|Any CPU.ActiveCfg = Release|Any CPU
		{94C402F9-29C9-46C6-BC84-EA2DE2F0E1C6}.Release|Any CPU.Build.0 = Release|Any CPU
	EndGlobalSection
	GlobalSection(SolutionProperties) = preSolution
		HideSolutionNode = FALSE
	EndGlobalSection
	GlobalSection(ExtensibilityGlobals) = postSolution
		SolutionGuid = {12089F98-4F22-4801-A0FF-22CF8666DC9E}
	EndGlobalSection
EndGlobal
